
Microsoft Visual Studio Solution File, Format Version 12.00
# Visual Studio Version 17
VisualStudioVersion = 17.8.34316.72
MinimumVisualStudioVersion = 10.0.40219.1
Project("{FAE04EC0-301F-11D3-BF4B-00C04F79EFBC}") = "PractiseCoursera", "PractiseCoursera\PractiseCoursera.csproj", "{0578FE9E-8D9F-4778-9FDE-A95FA5189422}"
EndProject
Global
	GlobalSection(SolutionConfigurationPlatforms) = preSolution
		Debug|Any CPU = Debug|Any CPU
		Release|Any CPU = Release|Any CPU
	EndGlobalSection
	GlobalSection(ProjectConfigurationPlatforms) = postSolution
		{0578FE9E-8D9F-4778-9FDE-A95FA5189422}.Debug|Any CPU.ActiveCfg = Debug|Any CPU
		{0578FE9E-8D9F-4778-9FDE-A95FA5189422}.Debug|Any CPU.Build.0 = Debug|Any CPU
		{0578FE9E-8D9F-4778-9FDE-A95FA5189422}.Release|Any CPU.ActiveCfg = Release|Any CPU
		{0578FE9E-8D9F-4778-9FDE-A95FA5189422}.Release|Any CPU.Build.0 = Release|Any CPU
	EndGlobalSection
	GlobalSection(SolutionProperties) = preSolution
		HideSolutionNode = FALSE
	EndGlobalSection
	GlobalSection(ExtensibilityGlobals) = postSolution
		SolutionGuid = {A88AA80B-BDC3-4B6D-84A5-6EDE4978E6CD}
	EndGlobalSection
EndGlobal
